
Microsoft Visual Studio Solution File, Format Version 12.00
# Visual Studio Version 17
VisualStudioVersion = 17.5.33516.290
MinimumVisualStudioVersion = 10.0.40219.1
Project("{9A19103F-16F7-4668-BE54-9A1E7A4F7556}") = "A3_ef整洁架构_仓储模式", "A3_ef整洁架构\A3_ef整洁架构_仓储模式.csproj", "{E72BFC9E-8F3F-4E17-A76B-F6EA7AADC4A7}"
EndProject
Project("{9A19103F-16F7-4668-BE54-9A1E7A4F7556}") = "A4_使用拆分查询", "A4_使用拆分查询\A4_使用拆分查询.csproj", "{41220B04-A656-4520-B226-C7B9EDB3A93A}"
EndProject
Project("{9A19103F-16F7-4668-BE54-9A1E7A4F7556}") = "A5_规范设计模式", "A5_规范设计模式\A5_规范设计模式.csproj", "{829781D1-1C53-4161-9891-453302747283}"
EndProject
Project("{9A19103F-16F7-4668-BE54-9A1E7A4F7556}") = "A1_使用json配置db参数", "A1_使用json配置db参数\A1_使用json配置db参数.csproj", "{BD81EDDC-98BB-42D4-AF7E-CAE28F137E41}"
EndProject
Project("{9A19103F-16F7-4668-BE54-9A1E7A4F7556}") = "A2_ef批量操作", "A2_ef批量操作\A2_ef批量操作.csproj", "{0D26823D-05FB-4DDB-A222-5AE90F53F211}"
EndProject
Global
	GlobalSection(SolutionConfigurationPlatforms) = preSolution
		Debug|Any CPU = Debug|Any CPU
		Release|Any CPU = Release|Any CPU
	EndGlobalSection
	GlobalSection(ProjectConfigurationPlatforms) = postSolution
		{E72BFC9E-8F3F-4E17-A76B-F6EA7AADC4A7}.Debug|Any CPU.ActiveCfg = Debug|Any CPU
		{E72BFC9E-8F3F-4E17-A76B-F6EA7AADC4A7}.Debug|Any CPU.Build.0 = Debug|Any CPU
		{E72BFC9E-8F3F-4E17-A76B-F6EA7AADC4A7}.Release|Any CPU.ActiveCfg = Release|Any CPU
		{E72BFC9E-8F3F-4E17-A76B-F6EA7AADC4A7}.Release|Any CPU.Build.0 = Release|Any CPU
		{41220B04-A656-4520-B226-C7B9EDB3A93A}.Debug|Any CPU.ActiveCfg = Debug|Any CPU
		{41220B04-A656-4520-B226-C7B9EDB3A93A}.Debug|Any CPU.Build.0 = Debug|Any CPU
		{41220B04-A656-4520-B226-C7B9EDB3A93A}.Release|Any CPU.ActiveCfg = Release|Any CPU
		{41220B04-A656-4520-B226-C7B9EDB3A93A}.Release|Any CPU.Build.0 = Release|Any CPU
		{829781D1-1C53-4161-9891-453302747283}.Debug|Any CPU.ActiveCfg = Debug|Any CPU
		{829781D1-1C53-4161-9891-453302747283}.Debug|Any CPU.Build.0 = Debug|Any CPU
		{829781D1-1C53-4161-9891-453302747283}.Release|Any CPU.ActiveCfg = Release|Any CPU
		{829781D1-1C53-4161-9891-453302747283}.Release|Any CPU.Build.0 = Release|Any CPU
		{BD81EDDC-98BB-42D4-AF7E-CAE28F137E41}.Debug|Any CPU.ActiveCfg = Debug|Any CPU
		{BD81EDDC-98BB-42D4-AF7E-CAE28F137E41}.Debug|Any CPU.Build.0 = Debug|Any CPU
		{BD81EDDC-98BB-42D4-AF7E-CAE28F137E41}.Release|Any CPU.ActiveCfg = Release|Any CPU
		{BD81EDDC-98BB-42D4-AF7E-CAE28F137E41}.Release|Any CPU.Build.0 = Release|Any CPU
		{0D26823D-05FB-4DDB-A222-5AE90F53F211}.Debug|Any CPU.ActiveCfg = Debug|Any CPU
		{0D26823D-05FB-4DDB-A222-5AE90F53F211}.Debug|Any CPU.Build.0 = Debug|Any CPU
		{0D26823D-05FB-4DDB-A222-5AE90F53F211}.Release|Any CPU.ActiveCfg = Release|Any CPU
		{0D26823D-05FB-4DDB-A222-5AE90F53F211}.Release|Any CPU.Build.0 = Release|Any CPU
	EndGlobalSection
	GlobalSection(SolutionProperties) = preSolution
		HideSolutionNode = FALSE
	EndGlobalSection
	GlobalSection(ExtensibilityGlobals) = postSolution
		SolutionGuid = {43E3B330-F237-4BB3-B905-63EC91C17C2C}
	EndGlobalSection
EndGlobal
